{
  "requires": true,
  "lockfileVersion": 1,
  "dependencies": {
    "mixpanel-browser": {
      "version": "2.39.0",
      "resolved": "https://registry.npmjs.org/mixpanel-browser/-/mixpanel-browser-2.39.0.tgz",
      "integrity": "sha512-/h/0ed8qI8OLnqUo7GMWJRnGhnhblgGXrotz7nL4t1vrrXmINK676OI8XO8W1aYZ8gUFDHRKMkQJJUF7cQXD3w=="
    }
  }
}
